
Microsoft Visual Studio Solution File, Format Version 12.00
# Visual Studio 15
VisualStudioVersion = 15.0.26228.92
MinimumVisualStudioVersion = 10.0.40219.1
Project("{FAE04EC0-301F-11D3-BF4B-00C04F79EFBC}") = "TaskMgtMVC", "TaskMgtMVC\TaskMgtMVC.csproj", "{909E1685-DB14-4119-A29C-8DE262A0F7E3}"
EndProject
Project("{FAE04EC0-301F-11D3-BF4B-00C04F79EFBC}") = "TaskMgtMVC.Tests", "TaskMgtMVC.Tests\TaskMgtMVC.Tests.csproj", "{5B1F15D2-5349-4558-AF21-5768F6076A63}"
EndProject
Global
	GlobalSection(SolutionConfigurationPlatforms) = preSolution
		Debug|Any CPU = Debug|Any CPU
		Release|Any CPU = Release|Any CPU
	EndGlobalSection
	GlobalSection(ProjectConfigurationPlatforms) = postSolution
		{909E1685-DB14-4119-A29C-8DE262A0F7E3}.Debug|Any CPU.ActiveCfg = Debug|Any CPU
		{909E1685-DB14-4119-A29C-8DE262A0F7E3}.Debug|Any CPU.Build.0 = Debug|Any CPU
		{909E1685-DB14-4119-A29C-8DE262A0F7E3}.Release|Any CPU.ActiveCfg = Release|Any CPU
		{909E1685-DB14-4119-A29C-8DE262A0F7E3}.Release|Any CPU.Build.0 = Release|Any CPU
		{5B1F15D2-5349-4558-AF21-5768F6076A63}.Debug|Any CPU.ActiveCfg = Debug|Any CPU
		{5B1F15D2-5349-4558-AF21-5768F6076A63}.Debug|Any CPU.Build.0 = Debug|Any CPU
		{5B1F15D2-5349-4558-AF21-5768F6076A63}.Release|Any CPU.ActiveCfg = Release|Any CPU
		{5B1F15D2-5349-4558-AF21-5768F6076A63}.Release|Any CPU.Build.0 = Release|Any CPU
	EndGlobalSection
	GlobalSection(SolutionProperties) = preSolution
		HideSolutionNode = FALSE
	EndGlobalSection
EndGlobal
